PODS:
  - LineSDKSwift (5.8.1):
    - LineSDKSwift/Core (= 5.8.1)
  - LineSDKSwift/Core (5.8.1)

DEPENDENCIES:
  - LineSDKSwift (~> 5.0)

SPEC REPOS:
  trunk:
    - LineSDKSwift

SPEC CHECKSUMS:
  LineSDKSwift: 55ea1486ad3b2802b7e00f80aeb5844e3ed3faa3

PODFILE CHECKSUM: 1b5cffd9a03feb9cfd17e06aef6913a5ddc3a6f8

COCOAPODS: 1.11.2
